
Microsoft Visual Studio Solution File, Format Version 12.00
# Visual Studio Version 16
VisualStudioVersion = 16.0.30907.101
MinimumVisualStudioVersion = 10.0.40219.1
Project("{9A19103F-16F7-4668-BE54-9A1E7A4F7556}") = "metotlar", "metotlar\metotlar.csproj", "{2C944274-080C-455B-A4BC-AE521E8EA125}"
EndProject
Project("{9A19103F-16F7-4668-BE54-9A1E7A4F7556}") = "Matematik", "Matematik\Matematik.csproj", "{3D26F5CE-C55E-4A02-9616-492C4604CFE8}"
EndProject
Project("{FAE04EC0-301F-11D3-BF4B-00C04F79EFBC}") = "DegerveReferansTipler", "DegerveReferansTipler\DegerveReferansTipler.csproj", "{F01B71E9-F91A-4B2F-A61B-F0C4CD784A70}"
EndProject
Global
	GlobalSection(SolutionConfigurationPlatforms) = preSolution
		Debug|Any CPU = Debug|Any CPU
		Release|Any CPU = Release|Any CPU
	EndGlobalSection
	GlobalSection(ProjectConfigurationPlatforms) = postSolution
		{2C944274-080C-455B-A4BC-AE521E8EA125}.Debug|Any CPU.ActiveCfg = Debug|Any CPU
		{2C944274-080C-455B-A4BC-AE521E8EA125}.Debug|Any CPU.Build.0 = Debug|Any CPU
		{2C944274-080C-455B-A4BC-AE521E8EA125}.Release|Any CPU.ActiveCfg = Release|Any CPU
		{2C944274-080C-455B-A4BC-AE521E8EA125}.Release|Any CPU.Build.0 = Release|Any CPU
		{3D26F5CE-C55E-4A02-9616-492C4604CFE8}.Debug|Any CPU.ActiveCfg = Debug|Any CPU
		{3D26F5CE-C55E-4A02-9616-492C4604CFE8}.Debug|Any CPU.Build.0 = Debug|Any CPU
		{3D26F5CE-C55E-4A02-9616-492C4604CFE8}.Release|Any CPU.ActiveCfg = Release|Any CPU
		{3D26F5CE-C55E-4A02-9616-492C4604CFE8}.Release|Any CPU.Build.0 = Release|Any CPU
		{F01B71E9-F91A-4B2F-A61B-F0C4CD784A70}.Debug|Any CPU.ActiveCfg = Debug|Any CPU
		{F01B71E9-F91A-4B2F-A61B-F0C4CD784A70}.Debug|Any CPU.Build.0 = Debug|Any CPU
		{F01B71E9-F91A-4B2F-A61B-F0C4CD784A70}.Release|Any CPU.ActiveCfg = Release|Any CPU
		{F01B71E9-F91A-4B2F-A61B-F0C4CD784A70}.Release|Any CPU.Build.0 = Release|Any CPU
	EndGlobalSection
	GlobalSection(SolutionProperties) = preSolution
		HideSolutionNode = FALSE
	EndGlobalSection
	GlobalSection(ExtensibilityGlobals) = postSolution
		SolutionGuid = {849A3151-BA2F-4B5A-AC70-E05E26767DF0}
	EndGlobalSection
EndGlobal
